
Microsoft Visual Studio Solution File, Format Version 12.00
# Visual Studio Version 16
VisualStudioVersion = 16.0.31025.194
MinimumVisualStudioVersion = 10.0.40219.1
Project("{2150E333-8FDC-42A3-9474-1A3956D46DE8}") = "Services", "Services", "{92D12B16-46A2-4F07-A1C0-FE677F4A493E}"
EndProject
Project("{2150E333-8FDC-42A3-9474-1A3956D46DE8}") = "Catalog", "Catalog", "{7DFA4EE7-E86A-4D09-8317-1CAE1C21A89D}"
EndProject
Project("{9A19103F-16F7-4668-BE54-9A1E7A4F7556}") = "Catalog.API", "Services\Catalog\Catalog.API\Catalog.API.csproj", "{DB5EB47A-5D9F-44A2-9FED-073020F7023B}"
EndProject
Project("{E53339B2-1760-4266-BCC7-CA923CBCF16C}") = "docker-compose", "docker-compose.dcproj", "{9A93C78D-0B6C-447F-A0E1-B9E6E27D94AE}"
EndProject
Global
	GlobalSection(SolutionConfigurationPlatforms) = preSolution
		Debug|Any CPU = Debug|Any CPU
		Release|Any CPU = Release|Any CPU
	EndGlobalSection
	GlobalSection(ProjectConfigurationPlatforms) = postSolution
		{DB5EB47A-5D9F-44A2-9FED-073020F7023B}.Debug|Any CPU.ActiveCfg = Debug|Any CPU
		{DB5EB47A-5D9F-44A2-9FED-073020F7023B}.Debug|Any CPU.Build.0 = Debug|Any CPU
		{DB5EB47A-5D9F-44A2-9FED-073020F7023B}.Release|Any CPU.ActiveCfg = Release|Any CPU
		{DB5EB47A-5D9F-44A2-9FED-073020F7023B}.Release|Any CPU.Build.0 = Release|Any CPU
		{9A93C78D-0B6C-447F-A0E1-B9E6E27D94AE}.Debug|Any CPU.ActiveCfg = Debug|Any CPU
		{9A93C78D-0B6C-447F-A0E1-B9E6E27D94AE}.Debug|Any CPU.Build.0 = Debug|Any CPU
		{9A93C78D-0B6C-447F-A0E1-B9E6E27D94AE}.Release|Any CPU.ActiveCfg = Release|Any CPU
		{9A93C78D-0B6C-447F-A0E1-B9E6E27D94AE}.Release|Any CPU.Build.0 = Release|Any CPU
	EndGlobalSection
	GlobalSection(SolutionProperties) = preSolution
		HideSolutionNode = FALSE
	EndGlobalSection
	GlobalSection(NestedProjects) = preSolution
		{7DFA4EE7-E86A-4D09-8317-1CAE1C21A89D} = {92D12B16-46A2-4F07-A1C0-FE677F4A493E}
		{DB5EB47A-5D9F-44A2-9FED-073020F7023B} = {7DFA4EE7-E86A-4D09-8317-1CAE1C21A89D}
	EndGlobalSection
	GlobalSection(ExtensibilityGlobals) = postSolution
		SolutionGuid = {FAB31356-F2C6-4B9B-AAFC-BA5E4E39C424}
	EndGlobalSection
EndGlobal
